
Microsoft Visual Studio Solution File, Format Version 12.00
# Visual Studio Version 17
VisualStudioVersion = 17.14.36408.4 d17.14
MinimumVisualStudioVersion = 10.0.40219.1
Project("{FAE04EC0-301F-11D3-BF4B-00C04F79EFBC}") = "asp.net core web app", "asp.net core web app.csproj", "{A8593D23-4D35-4553-92EC-A34B3BC0A451}"
EndProject
Project("{2150E333-8FDC-42A3-9474-1A3956D46DE8}") = "Solution Items", "Solution Items", "{8EC462FD-D22E-90A8-E5CE-7E832BA40C5D}"
	ProjectSection(SolutionItems) = preProject
		.gitignore = .gitignore
	EndProjectSection
EndProject
Global
	GlobalSection(SolutionConfigurationPlatforms) = preSolution
		Debug|Any CPU = Debug|Any CPU
		Release|Any CPU = Release|Any CPU
	EndGlobalSection
	GlobalSection(ProjectConfigurationPlatforms) = postSolution
		{A8593D23-4D35-4553-92EC-A34B3BC0A451}.Debug|Any CPU.ActiveCfg = Debug|Any CPU
		{A8593D23-4D35-4553-92EC-A34B3BC0A451}.Debug|Any CPU.Build.0 = Debug|Any CPU
		{A8593D23-4D35-4553-92EC-A34B3BC0A451}.Release|Any CPU.ActiveCfg = Release|Any CPU
		{A8593D23-4D35-4553-92EC-A34B3BC0A451}.Release|Any CPU.Build.0 = Release|Any CPU
	EndGlobalSection
	GlobalSection(SolutionProperties) = preSolution
		HideSolutionNode = FALSE
	EndGlobalSection
	GlobalSection(ExtensibilityGlobals) = postSolution
		SolutionGuid = {6ED52632-D494-48BD-890A-0504DC7F7332}
	EndGlobalSection
EndGlobal
